{
  "name": "dev.to",
  "version": "1.0.0",
  "lockfileVersion": 2,
  "requires": true,
  "packages": {
    "": {
      "version": "1.0.0",
      "license": "MIT",
      "dependencies": {
        "@nishans/core": "0.0.32",
        "axios": "^0.21.1"
      }
    },
    "../../packages/core": {
      "name": "@nishans/core",
      "version": "0.0.32",
      "license": "MIT",
      "dependencies": {
        "@nishans/cache": "0.0.35",
        "@nishans/constants": "0.0.23",
        "@nishans/discourse": "0.0.23",
        "@nishans/endpoints": "0.0.31",
        "@nishans/errors": "0.0.31",
        "@nishans/fabricator": "0.0.30",
        "@nishans/idz": "0.0.18",
        "@nishans/init": "0.0.22",
        "@nishans/lineage": "0.0.23",
        "@nishans/logger": "0.0.18",
        "@nishans/operations": "0.0.31",
        "@nishans/permissions": "0.0.23",
        "@nishans/traverser": "0.0.23",
        "@nishans/utils": "0.0.24"
      },
      "devDependencies": {
        "@nishans/types": "0.0.34"
      }
    },
    "node_modules/@nishans/core": {
      "resolved": "../../packages/core",
      "link": true
    },
    "node_modules/axios": {
      "version": "0.21.1",
      "resolved": "https://registry.npmjs.org/axios/-/axios-0.21.1.tgz",
      "integrity": "sha512-dKQiRHxGD9PPRIUNIWvZhPTPpl1rf/OxTYKsqKUDjBwYylTvV7SjSHJb9ratfyzM6wCdLCOYLzs73qpg5c4iGA==",
      "dependencies": {
        "follow-redirects": "^1.10.0"
      }
    },
    "node_modules/follow-redirects": {
      "version": "1.13.3",
      "resolved": "https://registry.npmjs.org/follow-redirects/-/follow-redirects-1.13.3.tgz",
      "integrity": "sha512-DUgl6+HDzB0iEptNQEXLx/KhTmDb8tZUHSeLqpnjpknR70H0nC2t9N73BK6fN4hOvJ84pKlIQVQ4k5FFlBedKA==",
      "funding": [
        {
          "type": "individual",
          "url": "https://github.com/sponsors/RubenVerborgh"
        }
      ],
      "engines": {
        "node": ">=4.0"
      },
      "peerDependenciesMeta": {
        "debug": {
          "optional": true
        }
      }
    }
  },
  "dependencies": {
    "@nishans/core": {
      "version": "file:../../packages/core",
      "requires": {
        "@nishans/cache": "0.0.35",
        "@nishans/constants": "0.0.23",
        "@nishans/discourse": "0.0.23",
        "@nishans/endpoints": "0.0.31",
        "@nishans/errors": "0.0.31",
        "@nishans/fabricator": "0.0.30",
        "@nishans/idz": "0.0.18",
        "@nishans/init": "0.0.22",
        "@nishans/lineage": "0.0.23",
        "@nishans/logger": "0.0.18",
        "@nishans/operations": "0.0.31",
        "@nishans/permissions": "0.0.23",
        "@nishans/traverser": "0.0.23",
        "@nishans/types": "0.0.34",
        "@nishans/utils": "0.0.24"
      }
    },
    "axios": {
      "version": "0.21.1",
      "resolved": "https://registry.npmjs.org/axios/-/axios-0.21.1.tgz",
      "integrity": "sha512-dKQiRHxGD9PPRIUNIWvZhPTPpl1rf/OxTYKsqKUDjBwYylTvV7SjSHJb9ratfyzM6wCdLCOYLzs73qpg5c4iGA==",
      "requires": {
        "follow-redirects": "^1.10.0"
      }
    },
    "follow-redirects": {
      "version": "1.13.3",
      "resolved": "https://registry.npmjs.org/follow-redirects/-/follow-redirects-1.13.3.tgz",
      "integrity": "sha512-DUgl6+HDzB0iEptNQEXLx/KhTmDb8tZUHSeLqpnjpknR70H0nC2t9N73BK6fN4hOvJ84pKlIQVQ4k5FFlBedKA=="
    }
  }
}
