{
  "name": "@nishans/store",
  "version": "0.0.0",
  "lockfileVersion": 1,
  "requires": true,
  "dependencies": {
    "@types/js-yaml": {
      "version": "4.0.0",
      "resolved": "https://registry.npmjs.org/@types/js-yaml/-/js-yaml-4.0.0.tgz",
      "integrity": "sha512-4vlpCM5KPCL5CfGmTbpjwVKbISRYhduEJvvUWsH5EB7QInhEj94XPZ3ts/9FPiLZFqYO0xoW4ZL8z2AabTGgJA==",
      "dev": true
    },
    "argparse": {
      "version": "2.0.1",
      "resolved": "https://registry.npmjs.org/argparse/-/argparse-2.0.1.tgz",
      "integrity": "sha512-8+9WqebbFzpX9OR+Wa6O29asIogeRMzcGtAINdpMHHyAg10f05aSFVBbcEqGf/PXw1EjAZ+q2/bEBg3DvurK3Q=="
    },
    "js-yaml": {
      "version": "4.0.0",
      "requires": {
        "argparse": "^2.0.1"
      }
    }
  }
}
